
Microsoft Visual Studio Solution File, Format Version 12.00
# Visual Studio Version 16
VisualStudioVersion = 16.0.29609.76
MinimumVisualStudioVersion = 10.0.40219.1
Project("{9092AA53-FB77-4645-B42D-1CCCA6BD08BD}") = "Squawk 0.1", "Squawk 0.1\Squawk 0.1.njsproj", "{6DAF67A8-94E7-48BF-9866-B0C583088D55}"
EndProject
Global
	GlobalSection(SolutionConfigurationPlatforms) = preSolution
		Debug|Any CPU = Debug|Any CPU
		Release|Any CPU = Release|Any CPU
	EndGlobalSection
	GlobalSection(ProjectConfigurationPlatforms) = postSolution
		{6DAF67A8-94E7-48BF-9866-B0C583088D55}.Debug|Any CPU.ActiveCfg = Debug|Any CPU
		{6DAF67A8-94E7-48BF-9866-B0C583088D55}.Debug|Any CPU.Build.0 = Debug|Any CPU
		{6DAF67A8-94E7-48BF-9866-B0C583088D55}.Release|Any CPU.ActiveCfg = Release|Any CPU
		{6DAF67A8-94E7-48BF-9866-B0C583088D55}.Release|Any CPU.Build.0 = Release|Any CPU
	EndGlobalSection
	GlobalSection(SolutionProperties) = preSolution
		HideSolutionNode = FALSE
	EndGlobalSection
	GlobalSection(ExtensibilityGlobals) = postSolution
		SolutionGuid = {11201766-89BB-4012-A2EE-215D93F767D3}
	EndGlobalSection
EndGlobal
